Microsoft Visual Studio Solution File, Format Version 12.00
# Visual Studio Version 17
VisualStudioVersion = 17.5.2.0
MinimumVisualStudioVersion = 10.0.40219.1
Project("{FAE04EC0-301F-11D3-BF4B-00C04F79EFBC}") = "DomusUnify.Api", "DomusUnify.Api\DomusUnify.Api.csproj", "{14F8CC79-0157-9146-4C79-E6C08CCB5765}"
EndProject
Project("{FAE04EC0-301F-11D3-BF4B-00C04F79EFBC}") = "DomusUnify.Domain", "DomusUnify.Domain\DomusUnify.Domain.csproj", "{68085D54-D819-FA67-F407-90B2D4BFDFD0}"
EndProject
Global
	GlobalSection(SolutionConfigurationPlatforms) = preSolution
		Debug|Any CPU = Debug|Any CPU
		Release|Any CPU = Release|Any CPU
	EndGlobalSection
	GlobalSection(ProjectConfigurationPlatforms) = postSolution
		{14F8CC79-0157-9146-4C79-E6C08CCB5765}.Debug|Any CPU.ActiveCfg = Debug|Any CPU
		{14F8CC79-0157-9146-4C79-E6C08CCB5765}.Debug|Any CPU.Build.0 = Debug|Any CPU
		{14F8CC79-0157-9146-4C79-E6C08CCB5765}.Release|Any CPU.ActiveCfg = Release|Any CPU
		{14F8CC79-0157-9146-4C79-E6C08CCB5765}.Release|Any CPU.Build.0 = Release|Any CPU
		{68085D54-D819-FA67-F407-90B2D4BFDFD0}.Debug|Any CPU.ActiveCfg = Debug|Any CPU
		{68085D54-D819-FA67-F407-90B2D4BFDFD0}.Debug|Any CPU.Build.0 = Debug|Any CPU
		{68085D54-D819-FA67-F407-90B2D4BFDFD0}.Release|Any CPU.ActiveCfg = Release|Any CPU
		{68085D54-D819-FA67-F407-90B2D4BFDFD0}.Release|Any CPU.Build.0 = Release|Any CPU
	EndGlobalSection
	GlobalSection(SolutionProperties) = preSolution
		HideSolutionNode = FALSE
	EndGlobalSection
	GlobalSection(ExtensibilityGlobals) = postSolution
		SolutionGuid = {926F65C8-B411-4FC4-A6C4-294D10C02184}
	EndGlobalSection
EndGlobal
